{
    "name": "helloworld",
    "version": "1.0.0",
    "lockfileVersion": 1,
    "requires": true,
    "dependencies": {
        "cordova-plugin-device-motion": {
            "version": "2.0.1",
            "resolved": "https://registry.npmjs.org/cordova-plugin-device-motion/-/cordova-plugin-device-motion-2.0.1.tgz",
            "integrity": "sha1-f22XTE64/Frljpqt1j2fpQLt7G0="
        },
        "cordova-plugin-device-orientation": {
            "version": "2.0.1",
            "resolved": "https://registry.npmjs.org/cordova-plugin-device-orientation/-/cordova-plugin-device-orientation-2.0.1.tgz",
            "integrity": "sha1-FJ1RJQ3vwwnw0D0wb+KOiYgbqE0="
        },
        "cordova-plugin-geolocation": {
            "version": "4.0.1",
            "resolved": "https://registry.npmjs.org/cordova-plugin-geolocation/-/cordova-plugin-geolocation-4.0.1.tgz",
            "integrity": "sha1-RwP6ZJ0kBdJamnMsmev4aHVKLAQ="
        },
        "cordova-plugin-whitelist": {
            "version": "1.3.3",
            "resolved": "https://registry.npmjs.org/cordova-plugin-whitelist/-/cordova-plugin-whitelist-1.3.3.tgz",
            "integrity": "sha1-tehezbv+Wu3tQKG/TuI3LmfZb7Q="
        }
    }
}
